// !$*UTF8*$!
{
	archiveVersion = 1;
	classes = {
	};
	objectVersion = 46;
	objects = {

/* Begin PBXBuildFile section */
		A5961C9F1C1EB72F00A9592B /* AppDelegate.swift in Sources */ = {isa = PBXBuildFile; fileRef = A5961C9E1C1EB72F00A9592B /* AppDelegate.swift */; };
		A5961CA11C1EB72F00A9592B /* ViewController.swift in Sources */ = {isa = PBXBuildFile; fileRef = A5961CA01C1EB72F00A9592B /* ViewController.swift */; };
		A5961CA41C1EB72F00A9592B /* Main.storyboard in Resources */ = {isa = PBXBuildFile; fileRef = A5961CA21C1EB72F00A9592B /* Main.storyboard */; };
		A5961CA61C1EB72F00A9592B /* Assets.xcassets in Resources */ = {isa = PBXBuildFile; fileRef = A5961CA51C1EB72F00A9592B /* Assets.xcassets */; };
		A5961CA91C1EB72F00A9592B /* LaunchScreen.storyboard in Resources */ = {isa = PBXBuildFile; fileRef = A5961CA71C1EB72F00A9592B /* LaunchScreen.storyboard */; };
		A5961CB41C1EB72F00A9592B /* TestPickerTests.swift in Sources */ = {isa = PBXBuildFile; fileRef = A5961CB31C1EB72F00A9592B /* TestPickerTests.swift */; };
		A5961CBF1C1EB72F00A9592B /* TestPickerUITests.swift in Sources */ = {isa = PBXBuildFile; fileRef = A5961CBE1C1EB72F00A9592B /* TestPickerUITests.swift */; };
/* End PBXBuildFile section */

/* Begin PBXContainerItemProxy section */
		A5961CB01C1EB72F00A9592B /* PBXContainerItemProxy */ = {
			isa = PBXContainerItemProxy;
			containerPortal = A5961C931C1EB72F00A9592B /* Project object */;
			proxyType = 1;
			remoteGlobalIDString = A5961C9A1C1EB72F00A9592B;
			remoteInfo = TestPicker;
		};
		A5961CBB1C1EB72F00A9592B /* PBXContainerItemProxy */ = {
			isa = PBXContainerItemProxy;
			containerPortal = A5961C931C1EB72F00A9592B /* Project object */;
			proxyType = 1;
			remoteGlobalIDString = A5961C9A1C1EB72F00A9592B;
			remoteInfo = TestPicker;
		};
/* End PBXContainerItemProxy section */

/* Begin PBXFileReference section */
		A5961C9B1C1EB72F00A9592B /* TestPicker.app */ = {isa = PBXFileReference; explicitFileType = wrapper.application; includeInIndex = 0; path = TestPicker.app; sourceTree = BUILT_PRODUCTS_DIR; };
		A5961C9E1C1EB72F00A9592B /* AppDelegate.swift */ = {isa = PBXFileReference; lastKnownFileType = sourcecode.swift; path = AppDelegate.swift; sourceTree = "<group>"; };
		A5961CA01C1EB72F00A9592B /* ViewController.swift */ = {isa = PBXFileReference; lastKnownFileType = sourcecode.swift; path = ViewController.swift; sourceTree = "<group>"; };
		A5961CA31C1EB72F00A9592B /* Base */ = {isa = PBXFileReference; lastKnownFileType = file.storyboard; name = Base; path = Base.lproj/Main.storyboard; sourceTree = "<group>"; };
		A5961CA51C1EB72F00A9592B /* Assets.xcassets */ = {isa = PBXFileReference; lastKnownFileType = folder.assetcatalog; path = Assets.xcassets; sourceTree = "<group>"; };
		A5961CA81C1EB72F00A9592B /* Base */ = {isa = PBXFileReference; lastKnownFileType = file.storyboard; name = Base; path = Base.lproj/LaunchScreen.storyboard; sourceTree = "<group>"; };
		A5961CAA1C1EB72F00A9592B /* Info.plist */ = {isa = PBXFileReference; lastKnownFileType = text.plist.xml; path = Info.plist; sourceTree = "<group>"; };
		A5961CAF1C1EB72F00A9592B /* TestPickerTests.xctest */ = {isa = PBXFileReference; explicitFileType = wrapper.cfbundle; includeInIndex = 0; path = TestPickerTests.xctest; sourceTree = BUILT_PRODUCTS_DIR; };
		A5961CB31C1EB72F00A9592B /* TestPickerTests.swift */ = {isa = PBXFileReference; lastKnownFileType = sourcecode.swift; path = TestPickerTests.swift; sourceTree = "<group>"; };
		A5961CB51C1EB72F00A9592B /* Info.plist */ = {isa = PBXFileReference; lastKnownFileType = text.plist.xml; path = Info.plist; sourceTree = "<group>"; };
		A5961CBA1C1EB72F00A9592B /* TestPickerUITests.xctest */ = {isa = PBXFileReference; explicitFileType = wrapper.cfbundle; includeInIndex = 0; path = TestPickerUITests.xctest; sourceTree = BUILT_PRODUCTS_DIR; };
		A5961CBE1C1EB72F00A9592B /* TestPickerUITests.swift */ = {isa = PBXFileReference; lastKnownFileType = sourcecode.swift; path = TestPickerUITests.swift; sourceTree = "<group>"; };
		A5961CC01C1EB72F00A9592B /* Info.plist */ = {isa = PBXFileReference; lastKnownFileType = text.plist.xml; path = Info.plist; sourceTree = "<group>"; };
/* End PBXFileReference section */

/* Begin PBXFrameworksBuildPhase section */
		A5961C981C1EB72F00A9592B /* Frameworks */ = {
			isa = PBXFrameworksBuildPhase;
			buildActionMask = 2147483647;
			files = (
			);
			runOnlyForDeploymentPostprocessing = 0;
		};
		A5961CAC1C1EB72F00A9592B /* Frameworks */ = {
			isa = PBXFrameworksBuildPhase;
			buildActionMask = 2147483647;
			files = (
			);
			runOnlyForDeploymentPostprocessing = 0;
		};
		A5961CB71C1EB72F00A9592B /* Frameworks */ = {
			isa = PBXFrameworksBuildPhase;
			buildActionMask = 2147483647;
			files = (
			);
			runOnlyForDeploymentPostprocessing = 0;
		};
/* End PBXFrameworksBuildPhase section */

/* Begin PBXGroup section */
		A5961C921C1EB72F00A9592B = {
			isa = PBXGroup;
			children = (
				A5961C9D1C1EB72F00A9592B /* TestPicker */,
				A5961CB21C1EB72F00A9592B /* TestPickerTests */,
				A5961CBD1C1EB72F00A9592B /* TestPickerUITests */,
				A5961C9C1C1EB72F00A9592B /* Products */,
			);
			sourceTree = "<group>";
		};
		A5961C9C1C1EB72F00A9592B /* Products */ = {
			isa = PBXGroup;
			children = (
				A5961C9B1C1EB72F00A9592B /* TestPicker.app */,
				A5961CAF1C1EB72F00A9592B /* TestPickerTests.xctest */,
				A5961CBA1C1EB72F00A9592B /* TestPickerUITests.xctest */,
			);
			name = Products;
			sourceTree = "<group>";
		};
		A5961C9D1C1EB72F00A9592B /* TestPicker */ = {
			isa = PBXGroup;
			children = (
				A5961C9E1C1EB72F00A9592B /* AppDelegate.swift */,
				A5961CA01C1EB72F00A9592B /* ViewController.swift */,
				A5961CA21C1EB72F00A9592B /* Main.storyboard */,
				A5961CA51C1EB72F00A9592B /* Assets.xcassets */,
				A5961CA71C1EB72F00A9592B /* LaunchScreen.storyboard */,
				A5961CAA1C1EB72F00A9592B /* Info.plist */,
			);
			path = TestPicker;
			sourceTree = "<group>";
		};
		A5961CB21C1EB72F00A9592B /* TestPickerTests */ = {
			isa = PBXGroup;
			children = (
				A5961CB31C1EB72F00A9592B /* TestPickerTests.swift */,
				A5961CB51C1EB72F00A9592B /* Info.plist */,
			);
			path = TestPickerTests;
			sourceTree = "<group>";
		};
		A5961CBD1C1EB72F00A9592B /* TestPickerUITests */ = {
			isa = PBXGroup;
			children = (
				A5961CBE1C1EB72F00A9592B /* TestPickerUITests.swift */,
				A5961CC01C1EB72F00A9592B /* Info.plist */,
			);
			path = TestPickerUITests;
			sourceTree = "<group>";
		};
/* End PBXGroup section */

/* Begin PBXNativeTarget section */
		A5961C9A1C1EB72F00A9592B /* TestPicker */ = {
			isa = PBXNativeTarget;
			buildConfigurationList = A5961CC31C1EB72F00A9592B /* Build configuration list for PBXNativeTarget "TestPicker" */;
			buildPhases = (
				A5961C971C1EB72F00A9592B /* Sources */,
				A5961C981C1EB72F00A9592B /* Frameworks */,
				A5961C991C1EB72F00A9592B /* Resources */,
			);
			buildRules = (
			);
			dependencies = (
			);
			name = TestPicker;
			productName = TestPicker;
			productReference = A5961C9B1C1EB72F00A9592B /* TestPicker.app */;
			productType = "com.apple.product-type.application";
		};
		A5961CAE1C1EB72F00A9592B /* TestPickerTests */ = {
			isa = PBXNativeTarget;
			buildConfigurationList = A5961CC61C1EB72F00A9592B /* Build configuration list for PBXNativeTarget "TestPickerTests" */;
			buildPhases = (
				A5961CAB1C1EB72F00A9592B /* Sources */,
				A5961CAC1C1EB72F00A9592B /* Frameworks */,
				A5961CAD1C1EB72F00A9592B /* Resources */,
			);
			buildRules = (
			);
			dependencies = (
				A5961CB11C1EB72F00A9592B /* PBXTargetDependency */,
			);
			name = TestPickerTests;
			productName = TestPickerTests;
			productReference = A5961CAF1C1EB72F00A9592B /* TestPickerTests.xctest */;
			productType = "com.apple.product-type.bundle.unit-test";
		};
		A5961CB91C1EB72F00A9592B /* TestPickerUITests */ = {
			isa = PBXNativeTarget;
			buildConfigurationList = A5961CC91C1EB72F00A9592B /* Build configuration list for PBXNativeTarget "TestPickerUITests" */;
			buildPhases = (
				A5961CB61C1EB72F00A9592B /* Sources */,
				A5961CB71C1EB72F00A9592B /* Frameworks */,
				A5961CB81C1EB72F00A9592B /* Resources */,
			);
			buildRules = (
			);
			dependencies = (
				A5961CBC1C1EB72F00A9592B /* PBXTargetDependency */,
			);
			name = TestPickerUITests;
			productName = TestPickerUITests;
			productReference = A5961CBA1C1EB72F00A9592B /* TestPickerUITests.xctest */;
			productType = "com.apple.product-type.bundle.ui-testing";
		};
/* End PBXNativeTarget section */

/* Begin PBXProject section */
		A5961C931C1EB72F00A9592B /* Project object */ = {
			isa = PBXProject;
			attributes = {
				LastSwiftUpdateCheck = 0710;
				LastUpgradeCheck = 0710;
				ORGANIZATIONNAME = WangQiaoFei;
				TargetAttributes = {
					A5961C9A1C1EB72F00A9592B = {
						CreatedOnToolsVersion = 7.1.1;
					};
					A5961CAE1C1EB72F00A9592B = {
						CreatedOnToolsVersion = 7.1.1;
						TestTargetID = A5961C9A1C1EB72F00A9592B;
					};
					A5961CB91C1EB72F00A9592B = {
						CreatedOnToolsVersion = 7.1.1;
						TestTargetID = A5961C9A1C1EB72F00A9592B;
					};
				};
			};
			buildConfigurationList = A5961C961C1EB72F00A9592B /* Build configuration list for PBXProject "TestPicker" */;
			compatibilityVersion = "Xcode 3.2";
			developmentRegion = English;
			hasScannedForEncodings = 0;
			knownRegions = (
				en,
				Base,
			);
			mainGroup = A5961C921C1EB72F00A9592B;
			productRefGroup = A5961C9C1C1EB72F00A9592B /* Products */;
			projectDirPath = "";
			projectRoot = "";
			targets = (
				A5961C9A1C1EB72F00A9592B /* TestPicker */,
				A5961CAE1C1EB72F00A9592B /* TestPickerTests */,
				A5961CB91C1EB72F00A9592B /* TestPickerUITests */,
			);
		};
/* End PBXProject section */

/* Begin PBXResourcesBuildPhase section */
		A5961C991C1EB72F00A9592B /* Resources */ = {
			isa = PBXResourcesBuildPhase;
			buildActionMask = 2147483647;
			files = (
				A5961CA91C1EB72F00A9592B /* LaunchScreen.storyboard in Resources */,
				A5961CA61C1EB72F00A9592B /* Assets.xcassets in Resources */,
				A5961CA41C1EB72F00A9592B /* Main.storyboard in Resources */,
			);
			runOnlyForDeploymentPostprocessing = 0;
		};
		A5961CAD1C1EB72F00A9592B /* Resources */ = {
			isa = PBXResourcesBuildPhase;
			buildActionMask = 2147483647;
			files = (
			);
			runOnlyForDeploymentPostprocessing = 0;
		};
		A5961CB81C1EB72F00A9592B /* Resources */ = {
			isa = PBXResourcesBuildPhase;
			buildActionMask = 2147483647;
			files = (
			);
			runOnlyForDeploymentPostprocessing = 0;
		};
/* End PBXResourcesBuildPhase section */

/* Begin PBXSourcesBuildPhase section */
		A5961C971C1EB72F00A9592B /* Sources */ = {
			isa = PBXSourcesBuildPhase;
			buildActionMask = 2147483647;
			files = (
				A5961CA11C1EB72F00A9592B /* ViewController.swift in Sources */,
				A5961C9F1C1EB72F00A9592B /* AppDelegate.swift in Sources */,
			);
			runOnlyForDeploymentPostprocessing = 0;
		};
		A5961CAB1C1EB72F00A9592B /* Sources */ = {
			isa = PBXSourcesBuildPhase;
			buildActionMask = 2147483647;
			files = (
				A5961CB41C1EB72F00A9592B /* TestPickerTests.swift in Sources */,
			);
			runOnlyForDeploymentPostprocessing = 0;
		};
		A5961CB61C1EB72F00A9592B /* Sources */ = {
			isa = PBXSourcesBuildPhase;
			buildActionMask = 2147483647;
			files = (
				A5961CBF1C1EB72F00A9592B /* TestPickerUITests.swift in Sources */,
			);
			runOnlyForDeploymentPostprocessing = 0;
		};
/* End PBXSourcesBuildPhase section */

/* Begin PBXTargetDependency section */
		A5961CB11C1EB72F00A9592B /* PBXTargetDependency */ = {
			isa = PBXTargetDependency;
			target = A5961C9A1C1EB72F00A9592B /* TestPicker */;
			targetProxy = A5961CB01C1EB72F00A9592B /* PBXContainerItemProxy */;
		};
		A5961CBC1C1EB72F00A9592B /* PBXTargetDependency */ = {
			isa = PBXTargetDependency;
			target = A5961C9A1C1EB72F00A9592B /* TestPicker */;
			targetProxy = A5961CBB1C1EB72F00A9592B /* PBXContainerItemProxy */;
		};
/* End PBXTargetDependency section */

/* Begin PBXVariantGroup section */
		A5961CA21C1EB72F00A9592B /* Main.storyboard */ = {
			isa = PBXVariantGroup;
			children = (
				A5961CA31C1EB72F00A9592B /* Base */,
			);
			name = Main.storyboard;
			sourceTree = "<group>";
		};
		A5961CA71C1EB72F00A9592B /* LaunchScreen.storyboard */ = {
			isa = PBXVariantGroup;
			children = (
				A5961CA81C1EB72F00A9592B /* Base */,
			);
			name = LaunchScreen.storyboard;
			sourceTree = "<group>";
		};
/* End PBXVariantGroup section */

/* Begin XCBuildConfiguration section */
		A5961CC11C1EB72F00A9592B /* Debug */ = {
			isa = XCBuildConfiguration;
			buildSettings = {
				ALWAYS_SEARCH_USER_PATHS = NO;
				CLANG_CXX_LANGUAGE_STANDARD = "gnu++0x";
				CLANG_CXX_LIBRARY = "libc++";
				CLANG_ENABLE_MODULES = YES;
				CLANG_ENABLE_OBJC_ARC = YES;
				CLANG_WARN_BOOL_CONVERSION = YES;
				CLANG_WARN_CONSTANT_CONVERSION = YES;
				CLANG_WARN_DIRECT_OBJC_ISA_USAGE = YES_ERROR;
				CLANG_WARN_EMPTY_BODY = YES;
				CLANG_WARN_ENUM_CONVERSION = YES;
				CLANG_WARN_INT_CONVERSION = YES;
				CLANG_WARN_OBJC_ROOT_CLASS = YES_ERROR;
				CLANG_WARN_UNREACHABLE_CODE = YES;
				CLANG_WARN__DUPLICATE_METHOD_MATCH = YES;
				"CODE_SIGN_IDENTITY[sdk=iphoneos*]" = "iPhone Developer";
				COPY_PHASE_STRIP = NO;
				DEBUG_INFORMATION_FORMAT = dwarf;
				ENABLE_STRICT_OBJC_MSGSEND = YES;
				ENABLE_TESTABILITY = YES;
				GCC_C_LANGUAGE_STANDARD = gnu99;
				GCC_DYNAMIC_NO_PIC = NO;
				GCC_NO_COMMON_BLOCKS = YES;
				GCC_OPTIMIZATION_LEVEL = 0;
				GCC_PREPROCESSOR_DEFINITIONS = (
					"DEBUG=1",
					"$(inherited)",
				);
				GCC_WARN_64_TO_32_BIT_CONVERSION = YES;
				GCC_WARN_ABOUT_RETURN_TYPE = YES_ERROR;
				GCC_WARN_UNDECLARED_SELECTOR = YES;
				GCC_WARN_UNINITIALIZED_AUTOS = YES_AGGRESSIVE;
				GCC_WARN_UNUSED_FUNCTION = YES;
				GCC_WARN_UNUSED_VARIABLE = YES;
				IPHONEOS_DEPLOYMENT_TARGET = 9.1;
				MTL_ENABLE_DEBUG_INFO = YES;
				ONLY_ACTIVE_ARCH = YES;
				SDKROOT = iphoneos;
				SWIFT_OPTIMIZATION_LEVEL = "-Onone";
			};
			name = Debug;
		};
		A5961CC21C1EB72F00A9592B /* Release */ = {
			isa = XCBuildConfiguration;
			buildSettings = {
				ALWAYS_SEARCH_USER_PATHS = NO;
				CLANG_CXX_LANGUAGE_STANDARD = "gnu++0x";
				CLANG_CXX_LIBRARY = "libc++";
				CLANG_ENABLE_MODULES = YES;
				CLANG_ENABLE_OBJC_ARC = YES;
				CLANG_WARN_BOOL_CONVERSION = YES;
				CLANG_WARN_CONSTANT_CONVERSION = YES;
				CLANG_WARN_DIRECT_OBJC_ISA_USAGE = YES_ERROR;
				CLANG_WARN_EMPTY_BODY = YES;
				CLANG_WARN_ENUM_CONVERSION = YES;
				CLANG_WARN_INT_CONVERSION = YES;
				CLANG_WARN_OBJC_ROOT_CLASS = YES_ERROR;
				CLANG_WARN_UNREACHABLE_CODE = YES;
				CLANG_WARN__DUPLICATE_METHOD_MATCH = YES;
				"CODE_SIGN_IDENTITY[sdk=iphoneos*]" = "iPhone Developer";
				COPY_PHASE_STRIP = NO;
				DEBUG_INFORMATION_FORMAT = "dwarf-with-dsym";
				ENABLE_NS_ASSERTIONS = NO;
				ENABLE_STRICT_OBJC_MSGSEND = YES;
				GCC_C_LANGUAGE_STANDARD = gnu99;
				GCC_NO_COMMON_BLOCKS = YES;
				GCC_WARN_64_TO_32_BIT_CONVERSION = YES;
				GCC_WARN_ABOUT_RETURN_TYPE = YES_ERROR;
				GCC_WARN_UNDECLARED_SELECTOR = YES;
				GCC_WARN_UNINITIALIZED_AUTOS = YES_AGGRESSIVE;
				GCC_WARN_UNUSED_FUNCTION = YES;
				GCC_WARN_UNUSED_VARIABLE = YES;
				IPHONEOS_DEPLOYMENT_TARGET = 9.1;
				MTL_ENABLE_DEBUG_INFO = NO;
				SDKROOT = iphoneos;
				VALIDATE_PRODUCT = YES;
			};
			name = Release;
		};
		A5961CC41C1EB72F00A9592B /* Debug */ = {
			isa = XCBuildConfiguration;
			buildSettings = {
				ASSETCATALOG_COMPILER_APPICON_NAME = AppIcon;
				INFOPLIST_FILE = TestPicker/Info.plist;
				LD_RUNPATH_SEARCH_PATHS = "$(inherited) @executable_path/Frameworks";
				PRODUCT_BUNDLE_IDENTIFIER = com.qiaofei.TestPicker;
				PRODUCT_NAME = "$(TARGET_NAME)";
			};
			name = Debug;
		};
		A5961CC51C1EB72F00A9592B /* Release */ = {
			isa = XCBuildConfiguration;
			buildSettings = {
				ASSETCATALOG_COMPILER_APPICON_NAME = AppIcon;
				INFOPLIST_FILE = TestPicker/Info.plist;
				LD_RUNPATH_SEARCH_PATHS = "$(inherited) @executable_path/Frameworks";
				PRODUCT_BUNDLE_IDENTIFIER = com.qiaofei.TestPicker;
				PRODUCT_NAME = "$(TARGET_NAME)";
			};
			name = Release;
		};
		A5961CC71C1EB72F00A9592B /* Debug */ = {
			isa = XCBuildConfiguration;
			buildSettings = {
				BUNDLE_LOADER = "$(TEST_HOST)";
				INFOPLIST_FILE = TestPickerTests/Info.plist;
				LD_RUNPATH_SEARCH_PATHS = "$(inherited) @executable_path/Frameworks @loader_path/Frameworks";
				PRODUCT_BUNDLE_IDENTIFIER = com.qiaofei.TestPickerTests;
				PRODUCT_NAME = "$(TARGET_NAME)";
				TEST_HOST = "$(BUILT_PRODUCTS_DIR)/TestPicker.app/TestPicker";
			};
			name = Debug;
		};
		A5961CC81C1EB72F00A9592B /* Release */ = {
			isa = XCBuildConfiguration;
			buildSettings = {
				BUNDLE_LOADER = "$(TEST_HOST)";
				INFOPLIST_FILE = TestPickerTests/Info.plist;
				LD_RUNPATH_SEARCH_PATHS = "$(inherited) @executable_path/Frameworks @loader_path/Frameworks";
				PRODUCT_BUNDLE_IDENTIFIER = com.qiaofei.TestPickerTests;
				PRODUCT_NAME = "$(TARGET_NAME)";
				TEST_HOST = "$(BUILT_PRODUCTS_DIR)/TestPicker.app/TestPicker";
			};
			name = Release;
		};
		A5961CCA1C1EB72F00A9592B /* Debug */ = {
			isa = XCBuildConfiguration;
			buildSettings = {
				INFOPLIST_FILE = TestPickerUITests/Info.plist;
				LD_RUNPATH_SEARCH_PATHS = "$(inherited) @executable_path/Frameworks @loader_path/Frameworks";
				PRODUCT_BUNDLE_IDENTIFIER = com.qiaofei.TestPickerUITests;
				PRODUCT_NAME = "$(TARGET_NAME)";
				TEST_TARGET_NAME = TestPicker;
				USES_XCTRUNNER = YES;
			};
			name = Debug;
		};
		A5961CCB1C1EB72F00A9592B /* Release */ = {
			isa = XCBuildConfiguration;
			buildSettings = {
				INFOPLIST_FILE = TestPickerUITests/Info.plist;
				LD_RUNPATH_SEARCH_PATHS = "$(inherited) @executable_path/Frameworks @loader_path/Frameworks";
				PRODUCT_BUNDLE_IDENTIFIER = com.qiaofei.TestPickerUITests;
				PRODUCT_NAME = "$(TARGET_NAME)";
				TEST_TARGET_NAME = TestPicker;
				USES_XCTRUNNER = YES;
			};
			name = Release;
		};
/* End XCBuildConfiguration section */

/* Begin XCConfigurationList section */
		A5961C961C1EB72F00A9592B /* Build configuration list for PBXProject "TestPicker" */ = {
			isa = XCConfigurationList;
			buildConfigurations = (
				A5961CC11C1EB72F00A9592B /* Debug */,
				A5961CC21C1EB72F00A9592B /* Release */,
			);
			defaultConfigurationIsVisible = 0;
			defaultConfigurationName = Release;
		};
		A5961CC31C1EB72F00A9592B /* Build configuration list for PBXNativeTarget "TestPicker" */ = {
			isa = XCConfigurationList;
			buildConfigurations = (
				A5961CC41C1EB72F00A9592B /* Debug */,
				A5961CC51C1EB72F00A9592B /* Release */,
			);
			defaultConfigurationIsVisible = 0;
		};
		A5961CC61C1EB72F00A9592B /* Build configuration list for PBXNativeTarget "TestPickerTests" */ = {
			isa = XCConfigurationList;
			buildConfigurations = (
				A5961CC71C1EB72F00A9592B /* Debug */,
				A5961CC81C1EB72F00A9592B /* Release */,
			);
			defaultConfigurationIsVisible = 0;
		};
		A5961CC91C1EB72F00A9592B /* Build configuration list for PBXNativeTarget "TestPickerUITests" */ = {
			isa = XCConfigurationList;
			buildConfigurations = (
				A5961CCA1C1EB72F00A9592B /* Debug */,
				A5961CCB1C1EB72F00A9592B /* Release */,
			);
			defaultConfigurationIsVisible = 0;
		};
/* End XCConfigurationList section */
	};
	rootObject = A5961C931C1EB72F00A9592B /* Project object */;
}
