// !$*UTF8*$!
{
	archiveVersion = 1;
	classes = {
	};
	objectVersion = 46;
	objects = {

/* Begin PBXBuildFile section */
		A537072D1C508284000E5E71 /* main.m in Sources */ = {isa = PBXBuildFile; fileRef = A537072C1C508284000E5E71 /* main.m */; };
		A53707301C508284000E5E71 /* AppDelegate.m in Sources */ = {isa = PBXBuildFile; fileRef = A537072F1C508284000E5E71 /* AppDelegate.m */; };
		A53707331C508284000E5E71 /* ViewController.m in Sources */ = {isa = PBXBuildFile; fileRef = A53707321C508284000E5E71 /* ViewController.m */; };
		A53707361C508284000E5E71 /* Main.storyboard in Resources */ = {isa = PBXBuildFile; fileRef = A53707341C508284000E5E71 /* Main.storyboard */; };
		A53707381C508284000E5E71 /* Assets.xcassets in Resources */ = {isa = PBXBuildFile; fileRef = A53707371C508284000E5E71 /* Assets.xcassets */; };
		A537073B1C508284000E5E71 /* LaunchScreen.storyboard in Resources */ = {isa = PBXBuildFile; fileRef = A53707391C508284000E5E71 /* LaunchScreen.storyboard */; };
		A53707461C508285000E5E71 /* PageControlTestTests.m in Sources */ = {isa = PBXBuildFile; fileRef = A53707451C508285000E5E71 /* PageControlTestTests.m */; };
		A53707511C508285000E5E71 /* PageControlTestUITests.m in Sources */ = {isa = PBXBuildFile; fileRef = A53707501C508285000E5E71 /* PageControlTestUITests.m */; };
		A53707611C508F0B000E5E71 /* 保罗克利-肖像.png in Resources */ = {isa = PBXBuildFile; fileRef = A537075E1C508F0B000E5E71 /* 保罗克利-肖像.png */; };
		A53707621C508F0B000E5E71 /* 达芬奇-蒙娜丽莎.png in Resources */ = {isa = PBXBuildFile; fileRef = A537075F1C508F0B000E5E71 /* 达芬奇-蒙娜丽莎.png */; };
		A53707631C508F0B000E5E71 /* 罗丹-思想者.png in Resources */ = {isa = PBXBuildFile; fileRef = A53707601C508F0B000E5E71 /* 罗丹-思想者.png */; };
/* End PBXBuildFile section */

/* Begin PBXContainerItemProxy section */
		A53707421C508285000E5E71 /* PBXContainerItemProxy */ = {
			isa = PBXContainerItemProxy;
			containerPortal = A53707201C508284000E5E71 /* Project object */;
			proxyType = 1;
			remoteGlobalIDString = A53707271C508284000E5E71;
			remoteInfo = PageControlTest;
		};
		A537074D1C508285000E5E71 /* PBXContainerItemProxy */ = {
			isa = PBXContainerItemProxy;
			containerPortal = A53707201C508284000E5E71 /* Project object */;
			proxyType = 1;
			remoteGlobalIDString = A53707271C508284000E5E71;
			remoteInfo = PageControlTest;
		};
/* End PBXContainerItemProxy section */

/* Begin PBXFileReference section */
		A53707281C508284000E5E71 /* PageControlTest.app */ = {isa = PBXFileReference; explicitFileType = wrapper.application; includeInIndex = 0; path = PageControlTest.app; sourceTree = BUILT_PRODUCTS_DIR; };
		A537072C1C508284000E5E71 /* main.m */ = {isa = PBXFileReference; lastKnownFileType = sourcecode.c.objc; path = main.m; sourceTree = "<group>"; };
		A537072E1C508284000E5E71 /* AppDelegate.h */ = {isa = PBXFileReference; lastKnownFileType = sourcecode.c.h; path = AppDelegate.h; sourceTree = "<group>"; };
		A537072F1C508284000E5E71 /* AppDelegate.m */ = {isa = PBXFileReference; lastKnownFileType = sourcecode.c.objc; path = AppDelegate.m; sourceTree = "<group>"; };
		A53707311C508284000E5E71 /* ViewController.h */ = {isa = PBXFileReference; lastKnownFileType = sourcecode.c.h; path = ViewController.h; sourceTree = "<group>"; };
		A53707321C508284000E5E71 /* ViewController.m */ = {isa = PBXFileReference; lastKnownFileType = sourcecode.c.objc; path = ViewController.m; sourceTree = "<group>"; };
		A53707351C508284000E5E71 /* Base */ = {isa = PBXFileReference; lastKnownFileType = file.storyboard; name = Base; path = Base.lproj/Main.storyboard; sourceTree = "<group>"; };
		A53707371C508284000E5E71 /* Assets.xcassets */ = {isa = PBXFileReference; lastKnownFileType = folder.assetcatalog; path = Assets.xcassets; sourceTree = "<group>"; };
		A537073A1C508284000E5E71 /* Base */ = {isa = PBXFileReference; lastKnownFileType = file.storyboard; name = Base; path = Base.lproj/LaunchScreen.storyboard; sourceTree = "<group>"; };
		A537073C1C508285000E5E71 /* Info.plist */ = {isa = PBXFileReference; lastKnownFileType = text.plist.xml; path = Info.plist; sourceTree = "<group>"; };
		A53707411C508285000E5E71 /* PageControlTestTests.xctest */ = {isa = PBXFileReference; explicitFileType = wrapper.cfbundle; includeInIndex = 0; path = PageControlTestTests.xctest; sourceTree = BUILT_PRODUCTS_DIR; };
		A53707451C508285000E5E71 /* PageControlTestTests.m */ = {isa = PBXFileReference; lastKnownFileType = sourcecode.c.objc; path = PageControlTestTests.m; sourceTree = "<group>"; };
		A53707471C508285000E5E71 /* Info.plist */ = {isa = PBXFileReference; lastKnownFileType = text.plist.xml; path = Info.plist; sourceTree = "<group>"; };
		A537074C1C508285000E5E71 /* PageControlTestUITests.xctest */ = {isa = PBXFileReference; explicitFileType = wrapper.cfbundle; includeInIndex = 0; path = PageControlTestUITests.xctest; sourceTree = BUILT_PRODUCTS_DIR; };
		A53707501C508285000E5E71 /* PageControlTestUITests.m */ = {isa = PBXFileReference; lastKnownFileType = sourcecode.c.objc; path = PageControlTestUITests.m; sourceTree = "<group>"; };
		A53707521C508285000E5E71 /* Info.plist */ = {isa = PBXFileReference; lastKnownFileType = text.plist.xml; path = Info.plist; sourceTree = "<group>"; };
		A537075E1C508F0B000E5E71 /* 保罗克利-肖像.png */ = {isa = PBXFileReference; lastKnownFileType = image.png; name = "保罗克利-肖像.png"; path = "../../../iospro/code/ch7/资源/images/保罗克利-肖像.png"; sourceTree = "<group>"; };
		A537075F1C508F0B000E5E71 /* 达芬奇-蒙娜丽莎.png */ = {isa = PBXFileReference; lastKnownFileType = image.png; name = "达芬奇-蒙娜丽莎.png"; path = "../../../iospro/code/ch7/资源/images/达芬奇-蒙娜丽莎.png"; sourceTree = "<group>"; };
		A53707601C508F0B000E5E71 /* 罗丹-思想者.png */ = {isa = PBXFileReference; lastKnownFileType = image.png; name = "罗丹-思想者.png"; path = "../../../iospro/code/ch7/资源/images/罗丹-思想者.png"; sourceTree = "<group>"; };
/* End PBXFileReference section */

/* Begin PBXFrameworksBuildPhase section */
		A53707251C508284000E5E71 /* Frameworks */ = {
			isa = PBXFrameworksBuildPhase;
			buildActionMask = 2147483647;
			files = (
			);
			runOnlyForDeploymentPostprocessing = 0;
		};
		A537073E1C508285000E5E71 /* Frameworks */ = {
			isa = PBXFrameworksBuildPhase;
			buildActionMask = 2147483647;
			files = (
			);
			runOnlyForDeploymentPostprocessing = 0;
		};
		A53707491C508285000E5E71 /* Frameworks */ = {
			isa = PBXFrameworksBuildPhase;
			buildActionMask = 2147483647;
			files = (
			);
			runOnlyForDeploymentPostprocessing = 0;
		};
/* End PBXFrameworksBuildPhase section */

/* Begin PBXGroup section */
		A537071F1C508284000E5E71 = {
			isa = PBXGroup;
			children = (
				A537072A1C508284000E5E71 /* PageControlTest */,
				A53707441C508285000E5E71 /* PageControlTestTests */,
				A537074F1C508285000E5E71 /* PageControlTestUITests */,
				A53707291C508284000E5E71 /* Products */,
			);
			sourceTree = "<group>";
		};
		A53707291C508284000E5E71 /* Products */ = {
			isa = PBXGroup;
			children = (
				A53707281C508284000E5E71 /* PageControlTest.app */,
				A53707411C508285000E5E71 /* PageControlTestTests.xctest */,
				A537074C1C508285000E5E71 /* PageControlTestUITests.xctest */,
			);
			name = Products;
			sourceTree = "<group>";
		};
		A537072A1C508284000E5E71 /* PageControlTest */ = {
			isa = PBXGroup;
			children = (
				A537072E1C508284000E5E71 /* AppDelegate.h */,
				A537072F1C508284000E5E71 /* AppDelegate.m */,
				A53707311C508284000E5E71 /* ViewController.h */,
				A53707321C508284000E5E71 /* ViewController.m */,
				A53707341C508284000E5E71 /* Main.storyboard */,
				A53707371C508284000E5E71 /* Assets.xcassets */,
				A537075E1C508F0B000E5E71 /* 保罗克利-肖像.png */,
				A537075F1C508F0B000E5E71 /* 达芬奇-蒙娜丽莎.png */,
				A53707601C508F0B000E5E71 /* 罗丹-思想者.png */,
				A53707391C508284000E5E71 /* LaunchScreen.storyboard */,
				A537073C1C508285000E5E71 /* Info.plist */,
				A537072B1C508284000E5E71 /* Supporting Files */,
			);
			path = PageControlTest;
			sourceTree = "<group>";
		};
		A537072B1C508284000E5E71 /* Supporting Files */ = {
			isa = PBXGroup;
			children = (
				A537072C1C508284000E5E71 /* main.m */,
			);
			name = "Supporting Files";
			sourceTree = "<group>";
		};
		A53707441C508285000E5E71 /* PageControlTestTests */ = {
			isa = PBXGroup;
			children = (
				A53707451C508285000E5E71 /* PageControlTestTests.m */,
				A53707471C508285000E5E71 /* Info.plist */,
			);
			path = PageControlTestTests;
			sourceTree = "<group>";
		};
		A537074F1C508285000E5E71 /* PageControlTestUITests */ = {
			isa = PBXGroup;
			children = (
				A53707501C508285000E5E71 /* PageControlTestUITests.m */,
				A53707521C508285000E5E71 /* Info.plist */,
			);
			path = PageControlTestUITests;
			sourceTree = "<group>";
		};
/* End PBXGroup section */

/* Begin PBXNativeTarget section */
		A53707271C508284000E5E71 /* PageControlTest */ = {
			isa = PBXNativeTarget;
			buildConfigurationList = A53707551C508285000E5E71 /* Build configuration list for PBXNativeTarget "PageControlTest" */;
			buildPhases = (
				A53707241C508284000E5E71 /* Sources */,
				A53707251C508284000E5E71 /* Frameworks */,
				A53707261C508284000E5E71 /* Resources */,
			);
			buildRules = (
			);
			dependencies = (
			);
			name = PageControlTest;
			productName = PageControlTest;
			productReference = A53707281C508284000E5E71 /* PageControlTest.app */;
			productType = "com.apple.product-type.application";
		};
		A53707401C508285000E5E71 /* PageControlTestTests */ = {
			isa = PBXNativeTarget;
			buildConfigurationList = A53707581C508285000E5E71 /* Build configuration list for PBXNativeTarget "PageControlTestTests" */;
			buildPhases = (
				A537073D1C508285000E5E71 /* Sources */,
				A537073E1C508285000E5E71 /* Frameworks */,
				A537073F1C508285000E5E71 /* Resources */,
			);
			buildRules = (
			);
			dependencies = (
				A53707431C508285000E5E71 /* PBXTargetDependency */,
			);
			name = PageControlTestTests;
			productName = PageControlTestTests;
			productReference = A53707411C508285000E5E71 /* PageControlTestTests.xctest */;
			productType = "com.apple.product-type.bundle.unit-test";
		};
		A537074B1C508285000E5E71 /* PageControlTestUITests */ = {
			isa = PBXNativeTarget;
			buildConfigurationList = A537075B1C508285000E5E71 /* Build configuration list for PBXNativeTarget "PageControlTestUITests" */;
			buildPhases = (
				A53707481C508285000E5E71 /* Sources */,
				A53707491C508285000E5E71 /* Frameworks */,
				A537074A1C508285000E5E71 /* Resources */,
			);
			buildRules = (
			);
			dependencies = (
				A537074E1C508285000E5E71 /* PBXTargetDependency */,
			);
			name = PageControlTestUITests;
			productName = PageControlTestUITests;
			productReference = A537074C1C508285000E5E71 /* PageControlTestUITests.xctest */;
			productType = "com.apple.product-type.bundle.ui-testing";
		};
/* End PBXNativeTarget section */

/* Begin PBXProject section */
		A53707201C508284000E5E71 /* Project object */ = {
			isa = PBXProject;
			attributes = {
				LastUpgradeCheck = 0710;
				ORGANIZATIONNAME = WangQiaoFei;
				TargetAttributes = {
					A53707271C508284000E5E71 = {
						CreatedOnToolsVersion = 7.1.1;
					};
					A53707401C508285000E5E71 = {
						CreatedOnToolsVersion = 7.1.1;
						TestTargetID = A53707271C508284000E5E71;
					};
					A537074B1C508285000E5E71 = {
						CreatedOnToolsVersion = 7.1.1;
						TestTargetID = A53707271C508284000E5E71;
					};
				};
			};
			buildConfigurationList = A53707231C508284000E5E71 /* Build configuration list for PBXProject "PageControlTest" */;
			compatibilityVersion = "Xcode 3.2";
			developmentRegion = English;
			hasScannedForEncodings = 0;
			knownRegions = (
				en,
				Base,
			);
			mainGroup = A537071F1C508284000E5E71;
			productRefGroup = A53707291C508284000E5E71 /* Products */;
			projectDirPath = "";
			projectRoot = "";
			targets = (
				A53707271C508284000E5E71 /* PageControlTest */,
				A53707401C508285000E5E71 /* PageControlTestTests */,
				A537074B1C508285000E5E71 /* PageControlTestUITests */,
			);
		};
/* End PBXProject section */

/* Begin PBXResourcesBuildPhase section */
		A53707261C508284000E5E71 /* Resources */ = {
			isa = PBXResourcesBuildPhase;
			buildActionMask = 2147483647;
			files = (
				A53707621C508F0B000E5E71 /* 达芬奇-蒙娜丽莎.png in Resources */,
				A53707631C508F0B000E5E71 /* 罗丹-思想者.png in Resources */,
				A53707611C508F0B000E5E71 /* 保罗克利-肖像.png in Resources */,
				A537073B1C508284000E5E71 /* LaunchScreen.storyboard in Resources */,
				A53707381C508284000E5E71 /* Assets.xcassets in Resources */,
				A53707361C508284000E5E71 /* Main.storyboard in Resources */,
			);
			runOnlyForDeploymentPostprocessing = 0;
		};
		A537073F1C508285000E5E71 /* Resources */ = {
			isa = PBXResourcesBuildPhase;
			buildActionMask = 2147483647;
			files = (
			);
			runOnlyForDeploymentPostprocessing = 0;
		};
		A537074A1C508285000E5E71 /* Resources */ = {
			isa = PBXResourcesBuildPhase;
			buildActionMask = 2147483647;
			files = (
			);
			runOnlyForDeploymentPostprocessing = 0;
		};
/* End PBXResourcesBuildPhase section */

/* Begin PBXSourcesBuildPhase section */
		A53707241C508284000E5E71 /* Sources */ = {
			isa = PBXSourcesBuildPhase;
			buildActionMask = 2147483647;
			files = (
				A53707331C508284000E5E71 /* ViewController.m in Sources */,
				A53707301C508284000E5E71 /* AppDelegate.m in Sources */,
				A537072D1C508284000E5E71 /* main.m in Sources */,
			);
			runOnlyForDeploymentPostprocessing = 0;
		};
		A537073D1C508285000E5E71 /* Sources */ = {
			isa = PBXSourcesBuildPhase;
			buildActionMask = 2147483647;
			files = (
				A53707461C508285000E5E71 /* PageControlTestTests.m in Sources */,
			);
			runOnlyForDeploymentPostprocessing = 0;
		};
		A53707481C508285000E5E71 /* Sources */ = {
			isa = PBXSourcesBuildPhase;
			buildActionMask = 2147483647;
			files = (
				A53707511C508285000E5E71 /* PageControlTestUITests.m in Sources */,
			);
			runOnlyForDeploymentPostprocessing = 0;
		};
/* End PBXSourcesBuildPhase section */

/* Begin PBXTargetDependency section */
		A53707431C508285000E5E71 /* PBXTargetDependency */ = {
			isa = PBXTargetDependency;
			target = A53707271C508284000E5E71 /* PageControlTest */;
			targetProxy = A53707421C508285000E5E71 /* PBXContainerItemProxy */;
		};
		A537074E1C508285000E5E71 /* PBXTargetDependency */ = {
			isa = PBXTargetDependency;
			target = A53707271C508284000E5E71 /* PageControlTest */;
			targetProxy = A537074D1C508285000E5E71 /* PBXContainerItemProxy */;
		};
/* End PBXTargetDependency section */

/* Begin PBXVariantGroup section */
		A53707341C508284000E5E71 /* Main.storyboard */ = {
			isa = PBXVariantGroup;
			children = (
				A53707351C508284000E5E71 /* Base */,
			);
			name = Main.storyboard;
			sourceTree = "<group>";
		};
		A53707391C508284000E5E71 /* LaunchScreen.storyboard */ = {
			isa = PBXVariantGroup;
			children = (
				A537073A1C508284000E5E71 /* Base */,
			);
			name = LaunchScreen.storyboard;
			sourceTree = "<group>";
		};
/* End PBXVariantGroup section */

/* Begin XCBuildConfiguration section */
		A53707531C508285000E5E71 /* Debug */ = {
			isa = XCBuildConfiguration;
			buildSettings = {
				ALWAYS_SEARCH_USER_PATHS = NO;
				CLANG_CXX_LANGUAGE_STANDARD = "gnu++0x";
				CLANG_CXX_LIBRARY = "libc++";
				CLANG_ENABLE_MODULES = YES;
				CLANG_ENABLE_OBJC_ARC = YES;
				CLANG_WARN_BOOL_CONVERSION = YES;
				CLANG_WARN_CONSTANT_CONVERSION = YES;
				CLANG_WARN_DIRECT_OBJC_ISA_USAGE = YES_ERROR;
				CLANG_WARN_EMPTY_BODY = YES;
				CLANG_WARN_ENUM_CONVERSION = YES;
				CLANG_WARN_INT_CONVERSION = YES;
				CLANG_WARN_OBJC_ROOT_CLASS = YES_ERROR;
				CLANG_WARN_UNREACHABLE_CODE = YES;
				CLANG_WARN__DUPLICATE_METHOD_MATCH = YES;
				"CODE_SIGN_IDENTITY[sdk=iphoneos*]" = "iPhone Developer";
				COPY_PHASE_STRIP = NO;
				DEBUG_INFORMATION_FORMAT = dwarf;
				ENABLE_STRICT_OBJC_MSGSEND = YES;
				ENABLE_TESTABILITY = YES;
				GCC_C_LANGUAGE_STANDARD = gnu99;
				GCC_DYNAMIC_NO_PIC = NO;
				GCC_NO_COMMON_BLOCKS = YES;
				GCC_OPTIMIZATION_LEVEL = 0;
				GCC_PREPROCESSOR_DEFINITIONS = (
					"DEBUG=1",
					"$(inherited)",
				);
				GCC_WARN_64_TO_32_BIT_CONVERSION = YES;
				GCC_WARN_ABOUT_RETURN_TYPE = YES_ERROR;
				GCC_WARN_UNDECLARED_SELECTOR = YES;
				GCC_WARN_UNINITIALIZED_AUTOS = YES_AGGRESSIVE;
				GCC_WARN_UNUSED_FUNCTION = YES;
				GCC_WARN_UNUSED_VARIABLE = YES;
				IPHONEOS_DEPLOYMENT_TARGET = 9.1;
				MTL_ENABLE_DEBUG_INFO = YES;
				ONLY_ACTIVE_ARCH = YES;
				SDKROOT = iphoneos;
			};
			name = Debug;
		};
		A53707541C508285000E5E71 /* Release */ = {
			isa = XCBuildConfiguration;
			buildSettings = {
				ALWAYS_SEARCH_USER_PATHS = NO;
				CLANG_CXX_LANGUAGE_STANDARD = "gnu++0x";
				CLANG_CXX_LIBRARY = "libc++";
				CLANG_ENABLE_MODULES = YES;
				CLANG_ENABLE_OBJC_ARC = YES;
				CLANG_WARN_BOOL_CONVERSION = YES;
				CLANG_WARN_CONSTANT_CONVERSION = YES;
				CLANG_WARN_DIRECT_OBJC_ISA_USAGE = YES_ERROR;
				CLANG_WARN_EMPTY_BODY = YES;
				CLANG_WARN_ENUM_CONVERSION = YES;
				CLANG_WARN_INT_CONVERSION = YES;
				CLANG_WARN_OBJC_ROOT_CLASS = YES_ERROR;
				CLANG_WARN_UNREACHABLE_CODE = YES;
				CLANG_WARN__DUPLICATE_METHOD_MATCH = YES;
				"CODE_SIGN_IDENTITY[sdk=iphoneos*]" = "iPhone Developer";
				COPY_PHASE_STRIP = NO;
				DEBUG_INFORMATION_FORMAT = "dwarf-with-dsym";
				ENABLE_NS_ASSERTIONS = NO;
				ENABLE_STRICT_OBJC_MSGSEND = YES;
				GCC_C_LANGUAGE_STANDARD = gnu99;
				GCC_NO_COMMON_BLOCKS = YES;
				GCC_WARN_64_TO_32_BIT_CONVERSION = YES;
				GCC_WARN_ABOUT_RETURN_TYPE = YES_ERROR;
				GCC_WARN_UNDECLARED_SELECTOR = YES;
				GCC_WARN_UNINITIALIZED_AUTOS = YES_AGGRESSIVE;
				GCC_WARN_UNUSED_FUNCTION = YES;
				GCC_WARN_UNUSED_VARIABLE = YES;
				IPHONEOS_DEPLOYMENT_TARGET = 9.1;
				MTL_ENABLE_DEBUG_INFO = NO;
				SDKROOT = iphoneos;
				VALIDATE_PRODUCT = YES;
			};
			name = Release;
		};
		A53707561C508285000E5E71 /* Debug */ = {
			isa = XCBuildConfiguration;
			buildSettings = {
				ASSETCATALOG_COMPILER_APPICON_NAME = AppIcon;
				INFOPLIST_FILE = PageControlTest/Info.plist;
				LD_RUNPATH_SEARCH_PATHS = "$(inherited) @executable_path/Frameworks";
				PRODUCT_BUNDLE_IDENTIFIER = com.qiaofei.PageControlTest;
				PRODUCT_NAME = "$(TARGET_NAME)";
			};
			name = Debug;
		};
		A53707571C508285000E5E71 /* Release */ = {
			isa = XCBuildConfiguration;
			buildSettings = {
				ASSETCATALOG_COMPILER_APPICON_NAME = AppIcon;
				INFOPLIST_FILE = PageControlTest/Info.plist;
				LD_RUNPATH_SEARCH_PATHS = "$(inherited) @executable_path/Frameworks";
				PRODUCT_BUNDLE_IDENTIFIER = com.qiaofei.PageControlTest;
				PRODUCT_NAME = "$(TARGET_NAME)";
			};
			name = Release;
		};
		A53707591C508285000E5E71 /* Debug */ = {
			isa = XCBuildConfiguration;
			buildSettings = {
				BUNDLE_LOADER = "$(TEST_HOST)";
				INFOPLIST_FILE = PageControlTestTests/Info.plist;
				LD_RUNPATH_SEARCH_PATHS = "$(inherited) @executable_path/Frameworks @loader_path/Frameworks";
				PRODUCT_BUNDLE_IDENTIFIER = com.qiaofei.PageControlTestTests;
				PRODUCT_NAME = "$(TARGET_NAME)";
				TEST_HOST = "$(BUILT_PRODUCTS_DIR)/PageControlTest.app/PageControlTest";
			};
			name = Debug;
		};
		A537075A1C508285000E5E71 /* Release */ = {
			isa = XCBuildConfiguration;
			buildSettings = {
				BUNDLE_LOADER = "$(TEST_HOST)";
				INFOPLIST_FILE = PageControlTestTests/Info.plist;
				LD_RUNPATH_SEARCH_PATHS = "$(inherited) @executable_path/Frameworks @loader_path/Frameworks";
				PRODUCT_BUNDLE_IDENTIFIER = com.qiaofei.PageControlTestTests;
				PRODUCT_NAME = "$(TARGET_NAME)";
				TEST_HOST = "$(BUILT_PRODUCTS_DIR)/PageControlTest.app/PageControlTest";
			};
			name = Release;
		};
		A537075C1C508285000E5E71 /* Debug */ = {
			isa = XCBuildConfiguration;
			buildSettings = {
				INFOPLIST_FILE = PageControlTestUITests/Info.plist;
				LD_RUNPATH_SEARCH_PATHS = "$(inherited) @executable_path/Frameworks @loader_path/Frameworks";
				PRODUCT_BUNDLE_IDENTIFIER = com.qiaofei.PageControlTestUITests;
				PRODUCT_NAME = "$(TARGET_NAME)";
				TEST_TARGET_NAME = PageControlTest;
				USES_XCTRUNNER = YES;
			};
			name = Debug;
		};
		A537075D1C508285000E5E71 /* Release */ = {
			isa = XCBuildConfiguration;
			buildSettings = {
				INFOPLIST_FILE = PageControlTestUITests/Info.plist;
				LD_RUNPATH_SEARCH_PATHS = "$(inherited) @executable_path/Frameworks @loader_path/Frameworks";
				PRODUCT_BUNDLE_IDENTIFIER = com.qiaofei.PageControlTestUITests;
				PRODUCT_NAME = "$(TARGET_NAME)";
				TEST_TARGET_NAME = PageControlTest;
				USES_XCTRUNNER = YES;
			};
			name = Release;
		};
/* End XCBuildConfiguration section */

/* Begin XCConfigurationList section */
		A53707231C508284000E5E71 /* Build configuration list for PBXProject "PageControlTest" */ = {
			isa = XCConfigurationList;
			buildConfigurations = (
				A53707531C508285000E5E71 /* Debug */,
				A53707541C508285000E5E71 /* Release */,
			);
			defaultConfigurationIsVisible = 0;
			defaultConfigurationName = Release;
		};
		A53707551C508285000E5E71 /* Build configuration list for PBXNativeTarget "PageControlTest" */ = {
			isa = XCConfigurationList;
			buildConfigurations = (
				A53707561C508285000E5E71 /* Debug */,
				A53707571C508285000E5E71 /* Release */,
			);
			defaultConfigurationIsVisible = 0;
		};
		A53707581C508285000E5E71 /* Build configuration list for PBXNativeTarget "PageControlTestTests" */ = {
			isa = XCConfigurationList;
			buildConfigurations = (
				A53707591C508285000E5E71 /* Debug */,
				A537075A1C508285000E5E71 /* Release */,
			);
			defaultConfigurationIsVisible = 0;
		};
		A537075B1C508285000E5E71 /* Build configuration list for PBXNativeTarget "PageControlTestUITests" */ = {
			isa = XCConfigurationList;
			buildConfigurations = (
				A537075C1C508285000E5E71 /* Debug */,
				A537075D1C508285000E5E71 /* Release */,
			);
			defaultConfigurationIsVisible = 0;
		};
/* End XCConfigurationList section */
	};
	rootObject = A53707201C508284000E5E71 /* Project object */;
}
