// !$*UTF8*$!
{
	archiveVersion = 1;
	classes = {
	};
	objectVersion = 46;
	objects = {

/* Begin PBXBuildFile section */
		A5BCA5311C20FEBD0027436E /* AppDelegate.swift in Sources */ = {isa = PBXBuildFile; fileRef = A5BCA5301C20FEBD0027436E /* AppDelegate.swift */; };
		A5BCA5331C20FEBD0027436E /* ViewController.swift in Sources */ = {isa = PBXBuildFile; fileRef = A5BCA5321C20FEBD0027436E /* ViewController.swift */; };
		A5BCA5361C20FEBD0027436E /* Main.storyboard in Resources */ = {isa = PBXBuildFile; fileRef = A5BCA5341C20FEBD0027436E /* Main.storyboard */; };
		A5BCA5381C20FEBD0027436E /* Assets.xcassets in Resources */ = {isa = PBXBuildFile; fileRef = A5BCA5371C20FEBD0027436E /* Assets.xcassets */; };
		A5BCA53B1C20FEBD0027436E /* LaunchScreen.storyboard in Resources */ = {isa = PBXBuildFile; fileRef = A5BCA5391C20FEBD0027436E /* LaunchScreen.storyboard */; };
		A5BCA5461C20FEBD0027436E /* TestModelViewTests.swift in Sources */ = {isa = PBXBuildFile; fileRef = A5BCA5451C20FEBD0027436E /* TestModelViewTests.swift */; };
		A5BCA5511C20FEBD0027436E /* TestModelViewUITests.swift in Sources */ = {isa = PBXBuildFile; fileRef = A5BCA5501C20FEBD0027436E /* TestModelViewUITests.swift */; };
		A5BCA55F1C2102100027436E /* RegisterViewController.swift in Sources */ = {isa = PBXBuildFile; fileRef = A5BCA55E1C2102100027436E /* RegisterViewController.swift */; };
/* End PBXBuildFile section */

/* Begin PBXContainerItemProxy section */
		A5BCA5421C20FEBD0027436E /* PBXContainerItemProxy */ = {
			isa = PBXContainerItemProxy;
			containerPortal = A5BCA5251C20FEBD0027436E /* Project object */;
			proxyType = 1;
			remoteGlobalIDString = A5BCA52C1C20FEBD0027436E;
			remoteInfo = TestModelView;
		};
		A5BCA54D1C20FEBD0027436E /* PBXContainerItemProxy */ = {
			isa = PBXContainerItemProxy;
			containerPortal = A5BCA5251C20FEBD0027436E /* Project object */;
			proxyType = 1;
			remoteGlobalIDString = A5BCA52C1C20FEBD0027436E;
			remoteInfo = TestModelView;
		};
/* End PBXContainerItemProxy section */

/* Begin PBXFileReference section */
		A5BCA52D1C20FEBD0027436E /* TestModelView.app */ = {isa = PBXFileReference; explicitFileType = wrapper.application; includeInIndex = 0; path = TestModelView.app; sourceTree = BUILT_PRODUCTS_DIR; };
		A5BCA5301C20FEBD0027436E /* AppDelegate.swift */ = {isa = PBXFileReference; lastKnownFileType = sourcecode.swift; path = AppDelegate.swift; sourceTree = "<group>"; };
		A5BCA5321C20FEBD0027436E /* ViewController.swift */ = {isa = PBXFileReference; lastKnownFileType = sourcecode.swift; path = ViewController.swift; sourceTree = "<group>"; };
		A5BCA5351C20FEBD0027436E /* Base */ = {isa = PBXFileReference; lastKnownFileType = file.storyboard; name = Base; path = Base.lproj/Main.storyboard; sourceTree = "<group>"; };
		A5BCA5371C20FEBD0027436E /* Assets.xcassets */ = {isa = PBXFileReference; lastKnownFileType = folder.assetcatalog; path = Assets.xcassets; sourceTree = "<group>"; };
		A5BCA53A1C20FEBD0027436E /* Base */ = {isa = PBXFileReference; lastKnownFileType = file.storyboard; name = Base; path = Base.lproj/LaunchScreen.storyboard; sourceTree = "<group>"; };
		A5BCA53C1C20FEBD0027436E /* Info.plist */ = {isa = PBXFileReference; lastKnownFileType = text.plist.xml; path = Info.plist; sourceTree = "<group>"; };
		A5BCA5411C20FEBD0027436E /* TestModelViewTests.xctest */ = {isa = PBXFileReference; explicitFileType = wrapper.cfbundle; includeInIndex = 0; path = TestModelViewTests.xctest; sourceTree = BUILT_PRODUCTS_DIR; };
		A5BCA5451C20FEBD0027436E /* TestModelViewTests.swift */ = {isa = PBXFileReference; lastKnownFileType = sourcecode.swift; path = TestModelViewTests.swift; sourceTree = "<group>"; };
		A5BCA5471C20FEBD0027436E /* Info.plist */ = {isa = PBXFileReference; lastKnownFileType = text.plist.xml; path = Info.plist; sourceTree = "<group>"; };
		A5BCA54C1C20FEBD0027436E /* TestModelViewUITests.xctest */ = {isa = PBXFileReference; explicitFileType = wrapper.cfbundle; includeInIndex = 0; path = TestModelViewUITests.xctest; sourceTree = BUILT_PRODUCTS_DIR; };
		A5BCA5501C20FEBD0027436E /* TestModelViewUITests.swift */ = {isa = PBXFileReference; lastKnownFileType = sourcecode.swift; path = TestModelViewUITests.swift; sourceTree = "<group>"; };
		A5BCA5521C20FEBD0027436E /* Info.plist */ = {isa = PBXFileReference; lastKnownFileType = text.plist.xml; path = Info.plist; sourceTree = "<group>"; };
		A5BCA55E1C2102100027436E /* RegisterViewController.swift */ = {isa = PBXFileReference; fileEncoding = 4; lastKnownFileType = sourcecode.swift; path = RegisterViewController.swift; sourceTree = "<group>"; };
/* End PBXFileReference section */

/* Begin PBXFrameworksBuildPhase section */
		A5BCA52A1C20FEBD0027436E /* Frameworks */ = {
			isa = PBXFrameworksBuildPhase;
			buildActionMask = 2147483647;
			files = (
			);
			runOnlyForDeploymentPostprocessing = 0;
		};
		A5BCA53E1C20FEBD0027436E /* Frameworks */ = {
			isa = PBXFrameworksBuildPhase;
			buildActionMask = 2147483647;
			files = (
			);
			runOnlyForDeploymentPostprocessing = 0;
		};
		A5BCA5491C20FEBD0027436E /* Frameworks */ = {
			isa = PBXFrameworksBuildPhase;
			buildActionMask = 2147483647;
			files = (
			);
			runOnlyForDeploymentPostprocessing = 0;
		};
/* End PBXFrameworksBuildPhase section */

/* Begin PBXGroup section */
		A5BCA5241C20FEBD0027436E = {
			isa = PBXGroup;
			children = (
				A5BCA52F1C20FEBD0027436E /* TestModelView */,
				A5BCA5441C20FEBD0027436E /* TestModelViewTests */,
				A5BCA54F1C20FEBD0027436E /* TestModelViewUITests */,
				A5BCA52E1C20FEBD0027436E /* Products */,
			);
			sourceTree = "<group>";
		};
		A5BCA52E1C20FEBD0027436E /* Products */ = {
			isa = PBXGroup;
			children = (
				A5BCA52D1C20FEBD0027436E /* TestModelView.app */,
				A5BCA5411C20FEBD0027436E /* TestModelViewTests.xctest */,
				A5BCA54C1C20FEBD0027436E /* TestModelViewUITests.xctest */,
			);
			name = Products;
			sourceTree = "<group>";
		};
		A5BCA52F1C20FEBD0027436E /* TestModelView */ = {
			isa = PBXGroup;
			children = (
				A5BCA5301C20FEBD0027436E /* AppDelegate.swift */,
				A5BCA5321C20FEBD0027436E /* ViewController.swift */,
				A5BCA55E1C2102100027436E /* RegisterViewController.swift */,
				A5BCA5341C20FEBD0027436E /* Main.storyboard */,
				A5BCA5371C20FEBD0027436E /* Assets.xcassets */,
				A5BCA5391C20FEBD0027436E /* LaunchScreen.storyboard */,
				A5BCA53C1C20FEBD0027436E /* Info.plist */,
			);
			path = TestModelView;
			sourceTree = "<group>";
		};
		A5BCA5441C20FEBD0027436E /* TestModelViewTests */ = {
			isa = PBXGroup;
			children = (
				A5BCA5451C20FEBD0027436E /* TestModelViewTests.swift */,
				A5BCA5471C20FEBD0027436E /* Info.plist */,
			);
			path = TestModelViewTests;
			sourceTree = "<group>";
		};
		A5BCA54F1C20FEBD0027436E /* TestModelViewUITests */ = {
			isa = PBXGroup;
			children = (
				A5BCA5501C20FEBD0027436E /* TestModelViewUITests.swift */,
				A5BCA5521C20FEBD0027436E /* Info.plist */,
			);
			path = TestModelViewUITests;
			sourceTree = "<group>";
		};
/* End PBXGroup section */

/* Begin PBXNativeTarget section */
		A5BCA52C1C20FEBD0027436E /* TestModelView */ = {
			isa = PBXNativeTarget;
			buildConfigurationList = A5BCA5551C20FEBD0027436E /* Build configuration list for PBXNativeTarget "TestModelView" */;
			buildPhases = (
				A5BCA5291C20FEBD0027436E /* Sources */,
				A5BCA52A1C20FEBD0027436E /* Frameworks */,
				A5BCA52B1C20FEBD0027436E /* Resources */,
			);
			buildRules = (
			);
			dependencies = (
			);
			name = TestModelView;
			productName = TestModelView;
			productReference = A5BCA52D1C20FEBD0027436E /* TestModelView.app */;
			productType = "com.apple.product-type.application";
		};
		A5BCA5401C20FEBD0027436E /* TestModelViewTests */ = {
			isa = PBXNativeTarget;
			buildConfigurationList = A5BCA5581C20FEBD0027436E /* Build configuration list for PBXNativeTarget "TestModelViewTests" */;
			buildPhases = (
				A5BCA53D1C20FEBD0027436E /* Sources */,
				A5BCA53E1C20FEBD0027436E /* Frameworks */,
				A5BCA53F1C20FEBD0027436E /* Resources */,
			);
			buildRules = (
			);
			dependencies = (
				A5BCA5431C20FEBD0027436E /* PBXTargetDependency */,
			);
			name = TestModelViewTests;
			productName = TestModelViewTests;
			productReference = A5BCA5411C20FEBD0027436E /* TestModelViewTests.xctest */;
			productType = "com.apple.product-type.bundle.unit-test";
		};
		A5BCA54B1C20FEBD0027436E /* TestModelViewUITests */ = {
			isa = PBXNativeTarget;
			buildConfigurationList = A5BCA55B1C20FEBD0027436E /* Build configuration list for PBXNativeTarget "TestModelViewUITests" */;
			buildPhases = (
				A5BCA5481C20FEBD0027436E /* Sources */,
				A5BCA5491C20FEBD0027436E /* Frameworks */,
				A5BCA54A1C20FEBD0027436E /* Resources */,
			);
			buildRules = (
			);
			dependencies = (
				A5BCA54E1C20FEBD0027436E /* PBXTargetDependency */,
			);
			name = TestModelViewUITests;
			productName = TestModelViewUITests;
			productReference = A5BCA54C1C20FEBD0027436E /* TestModelViewUITests.xctest */;
			productType = "com.apple.product-type.bundle.ui-testing";
		};
/* End PBXNativeTarget section */

/* Begin PBXProject section */
		A5BCA5251C20FEBD0027436E /* Project object */ = {
			isa = PBXProject;
			attributes = {
				LastSwiftUpdateCheck = 0710;
				LastUpgradeCheck = 0710;
				ORGANIZATIONNAME = WangQiaoFei;
				TargetAttributes = {
					A5BCA52C1C20FEBD0027436E = {
						CreatedOnToolsVersion = 7.1.1;
					};
					A5BCA5401C20FEBD0027436E = {
						CreatedOnToolsVersion = 7.1.1;
						TestTargetID = A5BCA52C1C20FEBD0027436E;
					};
					A5BCA54B1C20FEBD0027436E = {
						CreatedOnToolsVersion = 7.1.1;
						TestTargetID = A5BCA52C1C20FEBD0027436E;
					};
				};
			};
			buildConfigurationList = A5BCA5281C20FEBD0027436E /* Build configuration list for PBXProject "TestModelView" */;
			compatibilityVersion = "Xcode 3.2";
			developmentRegion = English;
			hasScannedForEncodings = 0;
			knownRegions = (
				en,
				Base,
			);
			mainGroup = A5BCA5241C20FEBD0027436E;
			productRefGroup = A5BCA52E1C20FEBD0027436E /* Products */;
			projectDirPath = "";
			projectRoot = "";
			targets = (
				A5BCA52C1C20FEBD0027436E /* TestModelView */,
				A5BCA5401C20FEBD0027436E /* TestModelViewTests */,
				A5BCA54B1C20FEBD0027436E /* TestModelViewUITests */,
			);
		};
/* End PBXProject section */

/* Begin PBXResourcesBuildPhase section */
		A5BCA52B1C20FEBD0027436E /* Resources */ = {
			isa = PBXResourcesBuildPhase;
			buildActionMask = 2147483647;
			files = (
				A5BCA53B1C20FEBD0027436E /* LaunchScreen.storyboard in Resources */,
				A5BCA5381C20FEBD0027436E /* Assets.xcassets in Resources */,
				A5BCA5361C20FEBD0027436E /* Main.storyboard in Resources */,
			);
			runOnlyForDeploymentPostprocessing = 0;
		};
		A5BCA53F1C20FEBD0027436E /* Resources */ = {
			isa = PBXResourcesBuildPhase;
			buildActionMask = 2147483647;
			files = (
			);
			runOnlyForDeploymentPostprocessing = 0;
		};
		A5BCA54A1C20FEBD0027436E /* Resources */ = {
			isa = PBXResourcesBuildPhase;
			buildActionMask = 2147483647;
			files = (
			);
			runOnlyForDeploymentPostprocessing = 0;
		};
/* End PBXResourcesBuildPhase section */

/* Begin PBXSourcesBuildPhase section */
		A5BCA5291C20FEBD0027436E /* Sources */ = {
			isa = PBXSourcesBuildPhase;
			buildActionMask = 2147483647;
			files = (
				A5BCA55F1C2102100027436E /* RegisterViewController.swift in Sources */,
				A5BCA5331C20FEBD0027436E /* ViewController.swift in Sources */,
				A5BCA5311C20FEBD0027436E /* AppDelegate.swift in Sources */,
			);
			runOnlyForDeploymentPostprocessing = 0;
		};
		A5BCA53D1C20FEBD0027436E /* Sources */ = {
			isa = PBXSourcesBuildPhase;
			buildActionMask = 2147483647;
			files = (
				A5BCA5461C20FEBD0027436E /* TestModelViewTests.swift in Sources */,
			);
			runOnlyForDeploymentPostprocessing = 0;
		};
		A5BCA5481C20FEBD0027436E /* Sources */ = {
			isa = PBXSourcesBuildPhase;
			buildActionMask = 2147483647;
			files = (
				A5BCA5511C20FEBD0027436E /* TestModelViewUITests.swift in Sources */,
			);
			runOnlyForDeploymentPostprocessing = 0;
		};
/* End PBXSourcesBuildPhase section */

/* Begin PBXTargetDependency section */
		A5BCA5431C20FEBD0027436E /* PBXTargetDependency */ = {
			isa = PBXTargetDependency;
			target = A5BCA52C1C20FEBD0027436E /* TestModelView */;
			targetProxy = A5BCA5421C20FEBD0027436E /* PBXContainerItemProxy */;
		};
		A5BCA54E1C20FEBD0027436E /* PBXTargetDependency */ = {
			isa = PBXTargetDependency;
			target = A5BCA52C1C20FEBD0027436E /* TestModelView */;
			targetProxy = A5BCA54D1C20FEBD0027436E /* PBXContainerItemProxy */;
		};
/* End PBXTargetDependency section */

/* Begin PBXVariantGroup section */
		A5BCA5341C20FEBD0027436E /* Main.storyboard */ = {
			isa = PBXVariantGroup;
			children = (
				A5BCA5351C20FEBD0027436E /* Base */,
			);
			name = Main.storyboard;
			sourceTree = "<group>";
		};
		A5BCA5391C20FEBD0027436E /* LaunchScreen.storyboard */ = {
			isa = PBXVariantGroup;
			children = (
				A5BCA53A1C20FEBD0027436E /* Base */,
			);
			name = LaunchScreen.storyboard;
			sourceTree = "<group>";
		};
/* End PBXVariantGroup section */

/* Begin XCBuildConfiguration section */
		A5BCA5531C20FEBD0027436E /* Debug */ = {
			isa = XCBuildConfiguration;
			buildSettings = {
				ALWAYS_SEARCH_USER_PATHS = NO;
				CLANG_CXX_LANGUAGE_STANDARD = "gnu++0x";
				CLANG_CXX_LIBRARY = "libc++";
				CLANG_ENABLE_MODULES = YES;
				CLANG_ENABLE_OBJC_ARC = YES;
				CLANG_WARN_BOOL_CONVERSION = YES;
				CLANG_WARN_CONSTANT_CONVERSION = YES;
				CLANG_WARN_DIRECT_OBJC_ISA_USAGE = YES_ERROR;
				CLANG_WARN_EMPTY_BODY = YES;
				CLANG_WARN_ENUM_CONVERSION = YES;
				CLANG_WARN_INT_CONVERSION = YES;
				CLANG_WARN_OBJC_ROOT_CLASS = YES_ERROR;
				CLANG_WARN_UNREACHABLE_CODE = YES;
				CLANG_WARN__DUPLICATE_METHOD_MATCH = YES;
				"CODE_SIGN_IDENTITY[sdk=iphoneos*]" = "iPhone Developer";
				COPY_PHASE_STRIP = NO;
				DEBUG_INFORMATION_FORMAT = dwarf;
				ENABLE_STRICT_OBJC_MSGSEND = YES;
				ENABLE_TESTABILITY = YES;
				GCC_C_LANGUAGE_STANDARD = gnu99;
				GCC_DYNAMIC_NO_PIC = NO;
				GCC_NO_COMMON_BLOCKS = YES;
				GCC_OPTIMIZATION_LEVEL = 0;
				GCC_PREPROCESSOR_DEFINITIONS = (
					"DEBUG=1",
					"$(inherited)",
				);
				GCC_WARN_64_TO_32_BIT_CONVERSION = YES;
				GCC_WARN_ABOUT_RETURN_TYPE = YES_ERROR;
				GCC_WARN_UNDECLARED_SELECTOR = YES;
				GCC_WARN_UNINITIALIZED_AUTOS = YES_AGGRESSIVE;
				GCC_WARN_UNUSED_FUNCTION = YES;
				GCC_WARN_UNUSED_VARIABLE = YES;
				IPHONEOS_DEPLOYMENT_TARGET = 9.1;
				MTL_ENABLE_DEBUG_INFO = YES;
				ONLY_ACTIVE_ARCH = YES;
				SDKROOT = iphoneos;
				SWIFT_OPTIMIZATION_LEVEL = "-Onone";
			};
			name = Debug;
		};
		A5BCA5541C20FEBD0027436E /* Release */ = {
			isa = XCBuildConfiguration;
			buildSettings = {
				ALWAYS_SEARCH_USER_PATHS = NO;
				CLANG_CXX_LANGUAGE_STANDARD = "gnu++0x";
				CLANG_CXX_LIBRARY = "libc++";
				CLANG_ENABLE_MODULES = YES;
				CLANG_ENABLE_OBJC_ARC = YES;
				CLANG_WARN_BOOL_CONVERSION = YES;
				CLANG_WARN_CONSTANT_CONVERSION = YES;
				CLANG_WARN_DIRECT_OBJC_ISA_USAGE = YES_ERROR;
				CLANG_WARN_EMPTY_BODY = YES;
				CLANG_WARN_ENUM_CONVERSION = YES;
				CLANG_WARN_INT_CONVERSION = YES;
				CLANG_WARN_OBJC_ROOT_CLASS = YES_ERROR;
				CLANG_WARN_UNREACHABLE_CODE = YES;
				CLANG_WARN__DUPLICATE_METHOD_MATCH = YES;
				"CODE_SIGN_IDENTITY[sdk=iphoneos*]" = "iPhone Developer";
				COPY_PHASE_STRIP = NO;
				DEBUG_INFORMATION_FORMAT = "dwarf-with-dsym";
				ENABLE_NS_ASSERTIONS = NO;
				ENABLE_STRICT_OBJC_MSGSEND = YES;
				GCC_C_LANGUAGE_STANDARD = gnu99;
				GCC_NO_COMMON_BLOCKS = YES;
				GCC_WARN_64_TO_32_BIT_CONVERSION = YES;
				GCC_WARN_ABOUT_RETURN_TYPE = YES_ERROR;
				GCC_WARN_UNDECLARED_SELECTOR = YES;
				GCC_WARN_UNINITIALIZED_AUTOS = YES_AGGRESSIVE;
				GCC_WARN_UNUSED_FUNCTION = YES;
				GCC_WARN_UNUSED_VARIABLE = YES;
				IPHONEOS_DEPLOYMENT_TARGET = 9.1;
				MTL_ENABLE_DEBUG_INFO = NO;
				SDKROOT = iphoneos;
				VALIDATE_PRODUCT = YES;
			};
			name = Release;
		};
		A5BCA5561C20FEBD0027436E /* Debug */ = {
			isa = XCBuildConfiguration;
			buildSettings = {
				ASSETCATALOG_COMPILER_APPICON_NAME = AppIcon;
				INFOPLIST_FILE = TestModelView/Info.plist;
				LD_RUNPATH_SEARCH_PATHS = "$(inherited) @executable_path/Frameworks";
				PRODUCT_BUNDLE_IDENTIFIER = com.qiaofei.TestModelView;
				PRODUCT_NAME = "$(TARGET_NAME)";
			};
			name = Debug;
		};
		A5BCA5571C20FEBD0027436E /* Release */ = {
			isa = XCBuildConfiguration;
			buildSettings = {
				ASSETCATALOG_COMPILER_APPICON_NAME = AppIcon;
				INFOPLIST_FILE = TestModelView/Info.plist;
				LD_RUNPATH_SEARCH_PATHS = "$(inherited) @executable_path/Frameworks";
				PRODUCT_BUNDLE_IDENTIFIER = com.qiaofei.TestModelView;
				PRODUCT_NAME = "$(TARGET_NAME)";
			};
			name = Release;
		};
		A5BCA5591C20FEBD0027436E /* Debug */ = {
			isa = XCBuildConfiguration;
			buildSettings = {
				BUNDLE_LOADER = "$(TEST_HOST)";
				INFOPLIST_FILE = TestModelViewTests/Info.plist;
				LD_RUNPATH_SEARCH_PATHS = "$(inherited) @executable_path/Frameworks @loader_path/Frameworks";
				PRODUCT_BUNDLE_IDENTIFIER = com.qiaofei.TestModelViewTests;
				PRODUCT_NAME = "$(TARGET_NAME)";
				TEST_HOST = "$(BUILT_PRODUCTS_DIR)/TestModelView.app/TestModelView";
			};
			name = Debug;
		};
		A5BCA55A1C20FEBD0027436E /* Release */ = {
			isa = XCBuildConfiguration;
			buildSettings = {
				BUNDLE_LOADER = "$(TEST_HOST)";
				INFOPLIST_FILE = TestModelViewTests/Info.plist;
				LD_RUNPATH_SEARCH_PATHS = "$(inherited) @executable_path/Frameworks @loader_path/Frameworks";
				PRODUCT_BUNDLE_IDENTIFIER = com.qiaofei.TestModelViewTests;
				PRODUCT_NAME = "$(TARGET_NAME)";
				TEST_HOST = "$(BUILT_PRODUCTS_DIR)/TestModelView.app/TestModelView";
			};
			name = Release;
		};
		A5BCA55C1C20FEBD0027436E /* Debug */ = {
			isa = XCBuildConfiguration;
			buildSettings = {
				INFOPLIST_FILE = TestModelViewUITests/Info.plist;
				LD_RUNPATH_SEARCH_PATHS = "$(inherited) @executable_path/Frameworks @loader_path/Frameworks";
				PRODUCT_BUNDLE_IDENTIFIER = com.qiaofei.TestModelViewUITests;
				PRODUCT_NAME = "$(TARGET_NAME)";
				TEST_TARGET_NAME = TestModelView;
				USES_XCTRUNNER = YES;
			};
			name = Debug;
		};
		A5BCA55D1C20FEBD0027436E /* Release */ = {
			isa = XCBuildConfiguration;
			buildSettings = {
				INFOPLIST_FILE = TestModelViewUITests/Info.plist;
				LD_RUNPATH_SEARCH_PATHS = "$(inherited) @executable_path/Frameworks @loader_path/Frameworks";
				PRODUCT_BUNDLE_IDENTIFIER = com.qiaofei.TestModelViewUITests;
				PRODUCT_NAME = "$(TARGET_NAME)";
				TEST_TARGET_NAME = TestModelView;
				USES_XCTRUNNER = YES;
			};
			name = Release;
		};
/* End XCBuildConfiguration section */

/* Begin XCConfigurationList section */
		A5BCA5281C20FEBD0027436E /* Build configuration list for PBXProject "TestModelView" */ = {
			isa = XCConfigurationList;
			buildConfigurations = (
				A5BCA5531C20FEBD0027436E /* Debug */,
				A5BCA5541C20FEBD0027436E /* Release */,
			);
			defaultConfigurationIsVisible = 0;
			defaultConfigurationName = Release;
		};
		A5BCA5551C20FEBD0027436E /* Build configuration list for PBXNativeTarget "TestModelView" */ = {
			isa = XCConfigurationList;
			buildConfigurations = (
				A5BCA5561C20FEBD0027436E /* Debug */,
				A5BCA5571C20FEBD0027436E /* Release */,
			);
			defaultConfigurationIsVisible = 0;
		};
		A5BCA5581C20FEBD0027436E /* Build configuration list for PBXNativeTarget "TestModelViewTests" */ = {
			isa = XCConfigurationList;
			buildConfigurations = (
				A5BCA5591C20FEBD0027436E /* Debug */,
				A5BCA55A1C20FEBD0027436E /* Release */,
			);
			defaultConfigurationIsVisible = 0;
		};
		A5BCA55B1C20FEBD0027436E /* Build configuration list for PBXNativeTarget "TestModelViewUITests" */ = {
			isa = XCConfigurationList;
			buildConfigurations = (
				A5BCA55C1C20FEBD0027436E /* Debug */,
				A5BCA55D1C20FEBD0027436E /* Release */,
			);
			defaultConfigurationIsVisible = 0;
		};
/* End XCConfigurationList section */
	};
	rootObject = A5BCA5251C20FEBD0027436E /* Project object */;
}
